
Microsoft Visual Studio Solution File, Format Version 12.00
# Visual Studio Version 16
VisualStudioVersion = 16.0.30413.136
MinimumVisualStudioVersion = 10.0.40219.1
Project("{FAE04EC0-301F-11D3-BF4B-00C04F79EFBC}") = "DemoApp2021", "DemoApp2021\DemoApp2021.csproj", "{0210EC8F-C4B6-4B78-A652-EE6407B78D0D}"
EndProject
Global
	GlobalSection(SolutionConfigurationPlatforms) = preSolution
		Debug|Any CPU = Debug|Any CPU
		Release|Any CPU = Release|Any CPU
	EndGlobalSection
	GlobalSection(ProjectConfigurationPlatforms) = postSolution
		{0210EC8F-C4B6-4B78-A652-EE6407B78D0D}.Debug|Any CPU.ActiveCfg = Debug|Any CPU
		{0210EC8F-C4B6-4B78-A652-EE6407B78D0D}.Debug|Any CPU.Build.0 = Debug|Any CPU
		{0210EC8F-C4B6-4B78-A652-EE6407B78D0D}.Release|Any CPU.ActiveCfg = Release|Any CPU
		{0210EC8F-C4B6-4B78-A652-EE6407B78D0D}.Release|Any CPU.Build.0 = Release|Any CPU
	EndGlobalSection
	GlobalSection(SolutionProperties) = preSolution
		HideSolutionNode = FALSE
	EndGlobalSection
	GlobalSection(ExtensibilityGlobals) = postSolution
		SolutionGuid = {406D78C6-E966-4CA9-A073-78CDB4479CBC}
	EndGlobalSection
EndGlobal
